{
  "name": "magic-drum",
  "lockfileVersion": 2,
  "requires": true,
  "packages": {
    "": {
      "dependencies": {
        "midi-note": "^1.0.0"
      }
    },
    "node_modules/midi-note": {
      "version": "1.0.0",
      "resolved": "https://registry.npmjs.org/midi-note/-/midi-note-1.0.0.tgz",
      "integrity": "sha1-++hy3bca2jsGuz5vTYMATdSHvb0="
    }
  },
  "dependencies": {
    "midi-note": {
      "version": "1.0.0",
      "resolved": "https://registry.npmjs.org/midi-note/-/midi-note-1.0.0.tgz",
      "integrity": "sha1-++hy3bca2jsGuz5vTYMATdSHvb0="
    }
  }
}
